
Microsoft Visual Studio Solution File, Format Version 12.00
# Visual Studio Version 17
VisualStudioVersion = 17.9.34414.90
MinimumVisualStudioVersion = 10.0.40219.1
Project("{FAE04EC0-301F-11D3-BF4B-00C04F79EFBC}") = "SysVenta.Entity", "SysVenta.Entity\SysVenta.Entity.csproj", "{F0FC5EC8-D5A2-438D-88AD-D5C28F1E0505}"
EndProject
Project("{FAE04EC0-301F-11D3-BF4B-00C04F79EFBC}") = "SysVenta.DAL", "SysVenta.DAL\SysVenta.DAL.csproj", "{FB393DA2-7578-405F-A574-3E67CFC576DD}"
EndProject
Project("{FAE04EC0-301F-11D3-BF4B-00C04F79EFBC}") = "SysVenta.BLL", "SysVenta.BLL\SysVenta.BLL.csproj", "{D4866C7C-D1FB-4552-B9F7-E2964856FD55}"
EndProject
Project("{FAE04EC0-301F-11D3-BF4B-00C04F79EFBC}") = "SysVenta.IOC", "SysVenta.IOC\SysVenta.IOC.csproj", "{1E84F7B5-D1AA-4CD2-919D-78C17FB16360}"
EndProject
Project("{FAE04EC0-301F-11D3-BF4B-00C04F79EFBC}") = "SysVenta.AplicacionWeb", "SysVenta.AplicacionWeb\SysVenta.AplicacionWeb.csproj", "{6B8387C0-A509-452A-A9F8-B92A74318805}"
EndProject
Global
	GlobalSection(SolutionConfigurationPlatforms) = preSolution
		Debug|Any CPU = Debug|Any CPU
		Release|Any CPU = Release|Any CPU
	EndGlobalSection
	GlobalSection(ProjectConfigurationPlatforms) = postSolution
		{F0FC5EC8-D5A2-438D-88AD-D5C28F1E0505}.Debug|Any CPU.ActiveCfg = Debug|Any CPU
		{F0FC5EC8-D5A2-438D-88AD-D5C28F1E0505}.Debug|Any CPU.Build.0 = Debug|Any CPU
		{F0FC5EC8-D5A2-438D-88AD-D5C28F1E0505}.Release|Any CPU.ActiveCfg = Release|Any CPU
		{F0FC5EC8-D5A2-438D-88AD-D5C28F1E0505}.Release|Any CPU.Build.0 = Release|Any CPU
		{FB393DA2-7578-405F-A574-3E67CFC576DD}.Debug|Any CPU.ActiveCfg = Debug|Any CPU
		{FB393DA2-7578-405F-A574-3E67CFC576DD}.Debug|Any CPU.Build.0 = Debug|Any CPU
		{FB393DA2-7578-405F-A574-3E67CFC576DD}.Release|Any CPU.ActiveCfg = Release|Any CPU
		{FB393DA2-7578-405F-A574-3E67CFC576DD}.Release|Any CPU.Build.0 = Release|Any CPU
		{D4866C7C-D1FB-4552-B9F7-E2964856FD55}.Debug|Any CPU.ActiveCfg = Debug|Any CPU
		{D4866C7C-D1FB-4552-B9F7-E2964856FD55}.Debug|Any CPU.Build.0 = Debug|Any CPU
		{D4866C7C-D1FB-4552-B9F7-E2964856FD55}.Release|Any CPU.ActiveCfg = Release|Any CPU
		{D4866C7C-D1FB-4552-B9F7-E2964856FD55}.Release|Any CPU.Build.0 = Release|Any CPU
		{1E84F7B5-D1AA-4CD2-919D-78C17FB16360}.Debug|Any CPU.ActiveCfg = Debug|Any CPU
		{1E84F7B5-D1AA-4CD2-919D-78C17FB16360}.Debug|Any CPU.Build.0 = Debug|Any CPU
		{1E84F7B5-D1AA-4CD2-919D-78C17FB16360}.Release|Any CPU.ActiveCfg = Release|Any CPU
		{1E84F7B5-D1AA-4CD2-919D-78C17FB16360}.Release|Any CPU.Build.0 = Release|Any CPU
		{6B8387C0-A509-452A-A9F8-B92A74318805}.Debug|Any CPU.ActiveCfg = Debug|Any CPU
		{6B8387C0-A509-452A-A9F8-B92A74318805}.Debug|Any CPU.Build.0 = Debug|Any CPU
		{6B8387C0-A509-452A-A9F8-B92A74318805}.Release|Any CPU.ActiveCfg = Release|Any CPU
		{6B8387C0-A509-452A-A9F8-B92A74318805}.Release|Any CPU.Build.0 = Release|Any CPU
	EndGlobalSection
	GlobalSection(SolutionProperties) = preSolution
		HideSolutionNode = FALSE
	EndGlobalSection
	GlobalSection(ExtensibilityGlobals) = postSolution
		SolutionGuid = {14797DE4-AF05-49BC-AE87-D5A8C346D359}
	EndGlobalSection
EndGlobal
